
Microsoft Visual Studio Solution File, Format Version 12.00
# Visual Studio 15
VisualStudioVersion = 15.0.28307.1082
MinimumVisualStudioVersion = 10.0.40219.1
Project("{159641D6-6404-4A2A-AE62-294DE0FE8301}") = "FinanceMiniProject", "FinanceMiniProject\FinanceMiniProject.dtproj", "{74164894-58A8-40CF-8710-F7827766F9A2}"
EndProject
Global
	GlobalSection(SolutionConfigurationPlatforms) = preSolution
		Development|Default = Development|Default
	EndGlobalSection
	GlobalSection(ProjectConfigurationPlatforms) = postSolution
		{74164894-58A8-40CF-8710-F7827766F9A2}.Development|Default.ActiveCfg = Development
		{74164894-58A8-40CF-8710-F7827766F9A2}.Development|Default.Build.0 = Development
	EndGlobalSection
	GlobalSection(SolutionProperties) = preSolution
		HideSolutionNode = FALSE
	EndGlobalSection
	GlobalSection(ExtensibilityGlobals) = postSolution
		SolutionGuid = {34ADA883-6C95-441D-A790-5EF2CEAE1A32}
	EndGlobalSection
EndGlobal
